// !$*UTF8*$!
{
	archiveVersion = 1;
	classes = {
	};
	objectVersion = 46;
	objects = {

/* Begin PBXBuildFile section */
		4B0D9AAA19DD71CE0047EC4B /* main.m in Sources */ = {isa = PBXBuildFile; fileRef = 4B0D9AA919DD71CE0047EC4B /* main.m */; };
		4B0D9AAD19DD71CE0047EC4B /* AppDelegate.m in Sources */ = {isa = PBXBuildFile; fileRef = 4B0D9AAC19DD71CE0047EC4B /* AppDelegate.m */; };
		4B0D9AB819DD71CE0047EC4B /* Images.xcassets in Resources */ = {isa = PBXBuildFile; fileRef = 4B0D9AB719DD71CE0047EC4B /* Images.xcassets */; };
		4B0D9AC719DD71CE0047EC4B /* MindMapTests.m in Sources */ = {isa = PBXBuildFile; fileRef = 4B0D9AC619DD71CE0047EC4B /* MindMapTests.m */; };
		4B0D9AF119DD79AE0047EC4B /* Task+Implementation.m in Sources */ = {isa = PBXBuildFile; fileRef = 4B0D9AF019DD79AE0047EC4B /* Task+Implementation.m */; };
		4B0D9AF419DD79D80047EC4B /* Place+Implenentation.m in Sources */ = {isa = PBXBuildFile; fileRef = 4B0D9AF319DD79D80047EC4B /* Place+Implenentation.m */; };
		4B0D9AF719DD79E80047EC4B /* TimeFrame+Implementation.m in Sources */ = {isa = PBXBuildFile; fileRef = 4B0D9AF619DD79E80047EC4B /* TimeFrame+Implementation.m */; };
		4B0D9AFB19DD813C0047EC4B /* CoreDataTableViewController.m in Sources */ = {isa = PBXBuildFile; fileRef = 4B0D9AFA19DD813C0047EC4B /* CoreDataTableViewController.m */; };
		4B0D9AFF19DD81A70047EC4B /* TVC_ListTasks.m in Sources */ = {isa = PBXBuildFile; fileRef = 4B0D9AFE19DD81A70047EC4B /* TVC_ListTasks.m */; };
		4B0D9B0219DD825C0047EC4B /* MapKit.framework in Frameworks */ = {isa = PBXBuildFile; fileRef = 4B0D9B0119DD825C0047EC4B /* MapKit.framework */; };
		4B0D9B0419DD82AC0047EC4B /* CoreData.framework in Frameworks */ = {isa = PBXBuildFile; fileRef = 4B0D9B0319DD82AC0047EC4B /* CoreData.framework */; };
		4B0D9B1719DD95150047EC4B /* Database.m in Sources */ = {isa = PBXBuildFile; fileRef = 4B0D9B1619DD95150047EC4B /* Database.m */; };
		4B0D9B1E19DD98380047EC4B /* TimeFrame+Business.m in Sources */ = {isa = PBXBuildFile; fileRef = 4B0D9B1D19DD98380047EC4B /* TimeFrame+Business.m */; };
		4B0D9B2119DD9A590047EC4B /* TVC_List_CoreData.m in Sources */ = {isa = PBXBuildFile; fileRef = 4B0D9B2019DD9A590047EC4B /* TVC_List_CoreData.m */; };
		4B0D9B2419DDA0D80047EC4B /* TVC_EditTask.m in Sources */ = {isa = PBXBuildFile; fileRef = 4B0D9B2319DDA0D80047EC4B /* TVC_EditTask.m */; };
		4B0D9B2719DDA1090047EC4B /* TVC_Edit.m in Sources */ = {isa = PBXBuildFile; fileRef = 4B0D9B2619DDA1090047EC4B /* TVC_Edit.m */; };
		4B0D9B2F19DDAE390047EC4B /* Task+Business.m in Sources */ = {isa = PBXBuildFile; fileRef = 4B0D9B2E19DDAE390047EC4B /* Task+Business.m */; };
		4B0D9B3519DDAE910047EC4B /* Place+Business.m in Sources */ = {isa = PBXBuildFile; fileRef = 4B0D9B3419DDAE910047EC4B /* Place+Business.m */; };
		4B0D9B3719DDB2830047EC4B /* UIKit.framework in Frameworks */ = {isa = PBXBuildFile; fileRef = 4B0D9B3619DDB2830047EC4B /* UIKit.framework */; };
		4B0D9B3819DDBBE90047EC4B /* Main.storyboard in Resources */ = {isa = PBXBuildFile; fileRef = 4B0D9AB419DD71CE0047EC4B /* Main.storyboard */; };
		4B4223CA19DDBE270098CCFA /* Foundation.framework in Frameworks */ = {isa = PBXBuildFile; fileRef = 4B4223C919DDBE270098CCFA /* Foundation.framework */; };
		4B4223CD19DDCA870098CCFA /* TVC_ViewTask.m in Sources */ = {isa = PBXBuildFile; fileRef = 4B4223CC19DDCA870098CCFA /* TVC_ViewTask.m */; };
		4B4223D019DDCB3B0098CCFA /* TVC_View.m in Sources */ = {isa = PBXBuildFile; fileRef = 4B4223CF19DDCB3B0098CCFA /* TVC_View.m */; };
		4B4223D719DDD7FB0098CCFA /* Segue_Push_NoAnimation.m in Sources */ = {isa = PBXBuildFile; fileRef = 4B4223D619DDD7FB0098CCFA /* Segue_Push_NoAnimation.m */; };
		4B4223DA19DDEC090098CCFA /* TVC_ListTasksPast.m in Sources */ = {isa = PBXBuildFile; fileRef = 4B4223D919DDEC090098CCFA /* TVC_ListTasksPast.m */; };
		4B4223DD19DDEC170098CCFA /* TVC_ListTasksPresent.m in Sources */ = {isa = PBXBuildFile; fileRef = 4B4223DC19DDEC170098CCFA /* TVC_ListTasksPresent.m */; };
		4B4223E019DDEC270098CCFA /* TVC_ListTasksFuture.m in Sources */ = {isa = PBXBuildFile; fileRef = 4B4223DF19DDEC270098CCFA /* TVC_ListTasksFuture.m */; };
		4B4223E519DE0F120098CCFA /* TaskOverlayActions.xib in Resources */ = {isa = PBXBuildFile; fileRef = 4B4223E419DE0F120098CCFA /* TaskOverlayActions.xib */; };
		4B4223E819DE129A0098CCFA /* TVC_ListDependencies.m in Sources */ = {isa = PBXBuildFile; fileRef = 4B4223E719DE129A0098CCFA /* TVC_ListDependencies.m */; };
		4B4223EE19DF173A0098CCFA /* TVC_ListDependants.m in Sources */ = {isa = PBXBuildFile; fileRef = 4B4223ED19DF173A0098CCFA /* TVC_ListDependants.m */; };
		4B4223F119DF1FFD0098CCFA /* LinkedTextField.m in Sources */ = {isa = PBXBuildFile; fileRef = 4B4223F019DF1FFD0098CCFA /* LinkedTextField.m */; };
		4B4223F419DF42AC0098CCFA /* TVC_List_Array.m in Sources */ = {isa = PBXBuildFile; fileRef = 4B4223F319DF42AC0098CCFA /* TVC_List_Array.m */; };
		4B4223FD19DF512A0098CCFA /* TVC_ListHierarchy.m in Sources */ = {isa = PBXBuildFile; fileRef = 4B4223FC19DF512A0098CCFA /* TVC_ListHierarchy.m */; };
		4B42240719DF64060098CCFA /* Completion+Implementation.m in Sources */ = {isa = PBXBuildFile; fileRef = 4B42240619DF64060098CCFA /* Completion+Implementation.m */; };
		4B42241019DF65A20098CCFA /* Completion+Business.m in Sources */ = {isa = PBXBuildFile; fileRef = 4B42240F19DF65A20098CCFA /* Completion+Business.m */; };
		4B42241619DF76FA0098CCFA /* Model.xcdatamodeld in Sources */ = {isa = PBXBuildFile; fileRef = 4B42241419DF76FA0098CCFA /* Model.xcdatamodeld */; };
		4B42241919DF77190098CCFA /* TimeFrame.m in Sources */ = {isa = PBXBuildFile; fileRef = 4B42241819DF77190098CCFA /* TimeFrame.m */; };
		4B42241F19DF771A0098CCFA /* Place.m in Sources */ = {isa = PBXBuildFile; fileRef = 4B42241E19DF771A0098CCFA /* Place.m */; };
		4B42242219DF771A0098CCFA /* Completion.m in Sources */ = {isa = PBXBuildFile; fileRef = 4B42242119DF771A0098CCFA /* Completion.m */; };
		4B42242519E1E1340098CCFA /* File.strings in Resources */ = {isa = PBXBuildFile; fileRef = 4B42242719E1E1340098CCFA /* File.strings */; };
		4B42243219E1EF780098CCFA /* TVC_ListProjects.m in Sources */ = {isa = PBXBuildFile; fileRef = 4B42243119E1EF780098CCFA /* TVC_ListProjects.m */; };
		4B42243519E1F09D0098CCFA /* Project+Business.m in Sources */ = {isa = PBXBuildFile; fileRef = 4B42243419E1F09D0098CCFA /* Project+Business.m */; };
		4B42243E19E1F0E10098CCFA /* Project+Implementation.m in Sources */ = {isa = PBXBuildFile; fileRef = 4B42243D19E1F0E10098CCFA /* Project+Implementation.m */; };
		4B42244119E1F4BD0098CCFA /* NC_Root.m in Sources */ = {isa = PBXBuildFile; fileRef = 4B42244019E1F4BD0098CCFA /* NC_Root.m */; };
		4B42244419E2000B0098CCFA /* TVC_ViewProject.m in Sources */ = {isa = PBXBuildFile; fileRef = 4B42244319E2000B0098CCFA /* TVC_ViewProject.m */; };
		4B42244819E209F70098CCFA /* Task.m in Sources */ = {isa = PBXBuildFile; fileRef = 4B42244719E209F70098CCFA /* Task.m */; };
		4B42244B19E209F80098CCFA /* Project.m in Sources */ = {isa = PBXBuildFile; fileRef = 4B42244A19E209F80098CCFA /* Project.m */; };
		4B42245419E319640098CCFA /* TBC_ManageProject.m in Sources */ = {isa = PBXBuildFile; fileRef = 4B42245319E319640098CCFA /* TBC_ManageProject.m */; };
		4B42245719E323670098CCFA /* DocumentMaganer.m in Sources */ = {isa = PBXBuildFile; fileRef = 4B42245619E323670098CCFA /* DocumentMaganer.m */; };
/* End PBXBuildFile section */

/* Begin PBXContainerItemProxy section */
		4B0D9AC119DD71CE0047EC4B /* PBXContainerItemProxy */ = {
			isa = PBXContainerItemProxy;
			containerPortal = 4B0D9A9C19DD71CE0047EC4B /* Project object */;
			proxyType = 1;
			remoteGlobalIDString = 4B0D9AA319DD71CE0047EC4B;
			remoteInfo = MindMap;
		};
/* End PBXContainerItemProxy section */

/* Begin PBXFileReference section */
		4B0D9AA419DD71CE0047EC4B /* MindMap.app */ = {isa = PBXFileReference; explicitFileType = wrapper.application; includeInIndex = 0; path = MindMap.app; sourceTree = BUILT_PRODUCTS_DIR; };
		4B0D9AA819DD71CE0047EC4B /* Info.plist */ = {isa = PBXFileReference; lastKnownFileType = text.plist.xml; path = Info.plist; sourceTree = "<group>"; };
		4B0D9AA919DD71CE0047EC4B /* main.m */ = {isa = PBXFileReference; lastKnownFileType = sourcecode.c.objc; path = main.m; sourceTree = "<group>"; usesTabs = 1; };
		4B0D9AAB19DD71CE0047EC4B /* AppDelegate.h */ = {isa = PBXFileReference; lastKnownFileType = sourcecode.c.h; path = AppDelegate.h; sourceTree = "<group>"; usesTabs = 1; };
		4B0D9AAC19DD71CE0047EC4B /* AppDelegate.m */ = {isa = PBXFileReference; lastKnownFileType = sourcecode.c.objc; path = AppDelegate.m; sourceTree = "<group>"; usesTabs = 1; };
		4B0D9AB519DD71CE0047EC4B /* Base */ = {isa = PBXFileReference; lastKnownFileType = file.storyboard; name = Base; path = Base.lproj/Main.storyboard; sourceTree = "<group>"; };
		4B0D9AB719DD71CE0047EC4B /* Images.xcassets */ = {isa = PBXFileReference; lastKnownFileType = folder.assetcatalog; path = Images.xcassets; sourceTree = "<group>"; };
		4B0D9AC019DD71CE0047EC4B /* MindMapTests.xctest */ = {isa = PBXFileReference; explicitFileType = wrapper.cfbundle; includeInIndex = 0; path = MindMapTests.xctest; sourceTree = BUILT_PRODUCTS_DIR; };
		4B0D9AC519DD71CE0047EC4B /* Info.plist */ = {isa = PBXFileReference; lastKnownFileType = text.plist.xml; path = Info.plist; sourceTree = "<group>"; };
		4B0D9AC619DD71CE0047EC4B /* MindMapTests.m */ = {isa = PBXFileReference; lastKnownFileType = sourcecode.c.objc; path = MindMapTests.m; sourceTree = "<group>"; };
		4B0D9AEF19DD79AE0047EC4B /* Task+Implementation.h */ = {isa = PBXFileReference; fileEncoding = 4; lastKnownFileType = sourcecode.c.h; path = "Task+Implementation.h"; sourceTree = "<group>"; usesTabs = 1; };
		4B0D9AF019DD79AE0047EC4B /* Task+Implementation.m */ = {isa = PBXFileReference; fileEncoding = 4; lastKnownFileType = sourcecode.c.objc; path = "Task+Implementation.m"; sourceTree = "<group>"; usesTabs = 1; };
		4B0D9AF219DD79D80047EC4B /* Place+Implenentation.h */ = {isa = PBXFileReference; fileEncoding = 4; lastKnownFileType = sourcecode.c.h; path = "Place+Implenentation.h"; sourceTree = "<group>"; usesTabs = 1; };
		4B0D9AF319DD79D80047EC4B /* Place+Implenentation.m */ = {isa = PBXFileReference; fileEncoding = 4; lastKnownFileType = sourcecode.c.objc; path = "Place+Implenentation.m"; sourceTree = "<group>"; usesTabs = 1; };
		4B0D9AF519DD79E80047EC4B /* TimeFrame+Implementation.h */ = {isa = PBXFileReference; fileEncoding = 4; lastKnownFileType = sourcecode.c.h; path = "TimeFrame+Implementation.h"; sourceTree = "<group>"; usesTabs = 1; };
		4B0D9AF619DD79E80047EC4B /* TimeFrame+Implementation.m */ = {isa = PBXFileReference; fileEncoding = 4; lastKnownFileType = sourcecode.c.objc; path = "TimeFrame+Implementation.m"; sourceTree = "<group>"; usesTabs = 1; };
		4B0D9AF919DD813C0047EC4B /* CoreDataTableViewController.h */ = {isa = PBXFileReference; fileEncoding = 4; lastKnownFileType = sourcecode.c.h; path = CoreDataTableViewController.h; sourceTree = "<group>"; usesTabs = 1; };
		4B0D9AFA19DD813C0047EC4B /* CoreDataTableViewController.m */ = {isa = PBXFileReference; fileEncoding = 4; lastKnownFileType = sourcecode.c.objc; path = CoreDataTableViewController.m; sourceTree = "<group>"; usesTabs = 1; };
		4B0D9AFD19DD81A70047EC4B /* TVC_ListTasks.h */ = {isa = PBXFileReference; fileEncoding = 4; lastKnownFileType = sourcecode.c.h; path = TVC_ListTasks.h; sourceTree = "<group>"; usesTabs = 1; };
		4B0D9AFE19DD81A70047EC4B /* TVC_ListTasks.m */ = {isa = PBXFileReference; fileEncoding = 4; lastKnownFileType = sourcecode.c.objc; path = TVC_ListTasks.m; sourceTree = "<group>"; usesTabs = 1; };
		4B0D9B0019DD823C0047EC4B /* MindMap.entitlements */ = {isa = PBXFileReference; lastKnownFileType = text.xml; path = MindMap.entitlements; sourceTree = "<group>"; };
		4B0D9B0119DD825C0047EC4B /* MapKit.framework */ = {isa = PBXFileReference; lastKnownFileType = wrapper.framework; name = MapKit.framework; path = System/Library/Frameworks/MapKit.framework; sourceTree = SDKROOT; };
		4B0D9B0319DD82AC0047EC4B /* CoreData.framework */ = {isa = PBXFileReference; lastKnownFileType = wrapper.framework; name = CoreData.framework; path = System/Library/Frameworks/CoreData.framework; sourceTree = SDKROOT; };
		4B0D9B1519DD95150047EC4B /* Database.h */ = {isa = PBXFileReference; fileEncoding = 4; lastKnownFileType = sourcecode.c.h; path = Database.h; sourceTree = "<group>"; usesTabs = 1; };
		4B0D9B1619DD95150047EC4B /* Database.m */ = {isa = PBXFileReference; fileEncoding = 4; lastKnownFileType = sourcecode.c.objc; path = Database.m; sourceTree = "<group>"; usesTabs = 1; };
		4B0D9B1C19DD98380047EC4B /* TimeFrame+Business.h */ = {isa = PBXFileReference; fileEncoding = 4; lastKnownFileType = sourcecode.c.h; path = "TimeFrame+Business.h"; sourceTree = "<group>"; usesTabs = 1; };
		4B0D9B1D19DD98380047EC4B /* TimeFrame+Business.m */ = {isa = PBXFileReference; fileEncoding = 4; lastKnownFileType = sourcecode.c.objc; path = "TimeFrame+Business.m"; sourceTree = "<group>"; usesTabs = 1; };
		4B0D9B1F19DD9A590047EC4B /* TVC_List_CoreData.h */ = {isa = PBXFileReference; fileEncoding = 4; lastKnownFileType = sourcecode.c.h; path = TVC_List_CoreData.h; sourceTree = "<group>"; usesTabs = 1; };
		4B0D9B2019DD9A590047EC4B /* TVC_List_CoreData.m */ = {isa = PBXFileReference; fileEncoding = 4; lastKnownFileType = sourcecode.c.objc; path = TVC_List_CoreData.m; sourceTree = "<group>"; usesTabs = 1; };
		4B0D9B2219DDA0D80047EC4B /* TVC_EditTask.h */ = {isa = PBXFileReference; fileEncoding = 4; lastKnownFileType = sourcecode.c.h; path = TVC_EditTask.h; sourceTree = "<group>"; usesTabs = 1; };
		4B0D9B2319DDA0D80047EC4B /* TVC_EditTask.m */ = {isa = PBXFileReference; fileEncoding = 4; lastKnownFileType = sourcecode.c.objc; path = TVC_EditTask.m; sourceTree = "<group>"; usesTabs = 1; };
		4B0D9B2519DDA1090047EC4B /* TVC_Edit.h */ = {isa = PBXFileReference; fileEncoding = 4; lastKnownFileType = sourcecode.c.h; path = TVC_Edit.h; sourceTree = "<group>"; usesTabs = 1; };
		4B0D9B2619DDA1090047EC4B /* TVC_Edit.m */ = {isa = PBXFileReference; fileEncoding = 4; lastKnownFileType = sourcecode.c.objc; path = TVC_Edit.m; sourceTree = "<group>"; usesTabs = 1; };
		4B0D9B2D19DDAE390047EC4B /* Task+Business.h */ = {isa = PBXFileReference; fileEncoding = 4; lastKnownFileType = sourcecode.c.h; path = "Task+Business.h"; sourceTree = "<group>"; usesTabs = 1; };
		4B0D9B2E19DDAE390047EC4B /* Task+Business.m */ = {isa = PBXFileReference; fileEncoding = 4; lastKnownFileType = sourcecode.c.objc; path = "Task+Business.m"; sourceTree = "<group>"; usesTabs = 1; };
		4B0D9B3319DDAE910047EC4B /* Place+Business.h */ = {isa = PBXFileReference; fileEncoding = 4; lastKnownFileType = sourcecode.c.h; path = "Place+Business.h"; sourceTree = "<group>"; usesTabs = 1; };
		4B0D9B3419DDAE910047EC4B /* Place+Business.m */ = {isa = PBXFileReference; fileEncoding = 4; lastKnownFileType = sourcecode.c.objc; path = "Place+Business.m"; sourceTree = "<group>"; usesTabs = 1; };
		4B0D9B3619DDB2830047EC4B /* UIKit.framework */ = {isa = PBXFileReference; lastKnownFileType = wrapper.framework; name = UIKit.framework; path = System/Library/Frameworks/UIKit.framework; sourceTree = SDKROOT; };
		4B4223C919DDBE270098CCFA /* Foundation.framework */ = {isa = PBXFileReference; lastKnownFileType = wrapper.framework; name = Foundation.framework; path = System/Library/Frameworks/Foundation.framework; sourceTree = SDKROOT; };
		4B4223CB19DDCA870098CCFA /* TVC_ViewTask.h */ = {isa = PBXFileReference; fileEncoding = 4; lastKnownFileType = sourcecode.c.h; path = TVC_ViewTask.h; sourceTree = "<group>"; usesTabs = 1; };
		4B4223CC19DDCA870098CCFA /* TVC_ViewTask.m */ = {isa = PBXFileReference; fileEncoding = 4; lastKnownFileType = sourcecode.c.objc; path = TVC_ViewTask.m; sourceTree = "<group>"; usesTabs = 1; };
		4B4223CE19DDCB3B0098CCFA /* TVC_View.h */ = {isa = PBXFileReference; fileEncoding = 4; lastKnownFileType = sourcecode.c.h; path = TVC_View.h; sourceTree = "<group>"; usesTabs = 1; };
		4B4223CF19DDCB3B0098CCFA /* TVC_View.m */ = {isa = PBXFileReference; fileEncoding = 4; lastKnownFileType = sourcecode.c.objc; path = TVC_View.m; sourceTree = "<group>"; usesTabs = 1; };
		4B4223D519DDD7FB0098CCFA /* Segue_Push_NoAnimation.h */ = {isa = PBXFileReference; fileEncoding = 4; lastKnownFileType = sourcecode.c.h; path = Segue_Push_NoAnimation.h; sourceTree = "<group>"; usesTabs = 1; };
		4B4223D619DDD7FB0098CCFA /* Segue_Push_NoAnimation.m */ = {isa = PBXFileReference; fileEncoding = 4; lastKnownFileType = sourcecode.c.objc; path = Segue_Push_NoAnimation.m; sourceTree = "<group>"; usesTabs = 1; };
		4B4223D819DDEC090098CCFA /* TVC_ListTasksPast.h */ = {isa = PBXFileReference; fileEncoding = 4; lastKnownFileType = sourcecode.c.h; path = TVC_ListTasksPast.h; sourceTree = "<group>"; usesTabs = 1; };
		4B4223D919DDEC090098CCFA /* TVC_ListTasksPast.m */ = {isa = PBXFileReference; fileEncoding = 4; lastKnownFileType = sourcecode.c.objc; path = TVC_ListTasksPast.m; sourceTree = "<group>"; usesTabs = 1; };
		4B4223DB19DDEC170098CCFA /* TVC_ListTasksPresent.h */ = {isa = PBXFileReference; fileEncoding = 4; lastKnownFileType = sourcecode.c.h; path = TVC_ListTasksPresent.h; sourceTree = "<group>"; usesTabs = 1; };
		4B4223DC19DDEC170098CCFA /* TVC_ListTasksPresent.m */ = {isa = PBXFileReference; fileEncoding = 4; lastKnownFileType = sourcecode.c.objc; path = TVC_ListTasksPresent.m; sourceTree = "<group>"; usesTabs = 1; };
		4B4223DE19DDEC270098CCFA /* TVC_ListTasksFuture.h */ = {isa = PBXFileReference; fileEncoding = 4; lastKnownFileType = sourcecode.c.h; path = TVC_ListTasksFuture.h; sourceTree = "<group>"; usesTabs = 1; };
		4B4223DF19DDEC270098CCFA /* TVC_ListTasksFuture.m */ = {isa = PBXFileReference; fileEncoding = 4; lastKnownFileType = sourcecode.c.objc; path = TVC_ListTasksFuture.m; sourceTree = "<group>"; usesTabs = 1; };
		4B4223E419DE0F120098CCFA /* TaskOverlayActions.xib */ = {isa = PBXFileReference; fileEncoding = 4; lastKnownFileType = file.xib; path = TaskOverlayActions.xib; sourceTree = "<group>"; };
		4B4223E619DE129A0098CCFA /* TVC_ListDependencies.h */ = {isa = PBXFileReference; fileEncoding = 4; lastKnownFileType = sourcecode.c.h; path = TVC_ListDependencies.h; sourceTree = "<group>"; };
		4B4223E719DE129A0098CCFA /* TVC_ListDependencies.m */ = {isa = PBXFileReference; fileEncoding = 4; lastKnownFileType = sourcecode.c.objc; path = TVC_ListDependencies.m; sourceTree = "<group>"; usesTabs = 1; };
		4B4223EC19DF173A0098CCFA /* TVC_ListDependants.h */ = {isa = PBXFileReference; fileEncoding = 4; lastKnownFileType = sourcecode.c.h; path = TVC_ListDependants.h; sourceTree = "<group>"; };
		4B4223ED19DF173A0098CCFA /* TVC_ListDependants.m */ = {isa = PBXFileReference; fileEncoding = 4; lastKnownFileType = sourcecode.c.objc; path = TVC_ListDependants.m; sourceTree = "<group>"; usesTabs = 1; };
		4B4223EF19DF1FFD0098CCFA /* LinkedTextField.h */ = {isa = PBXFileReference; fileEncoding = 4; lastKnownFileType = sourcecode.c.h; path = LinkedTextField.h; sourceTree = "<group>"; };
		4B4223F019DF1FFD0098CCFA /* LinkedTextField.m */ = {isa = PBXFileReference; fileEncoding = 4; lastKnownFileType = sourcecode.c.objc; path = LinkedTextField.m; sourceTree = "<group>"; };
		4B4223F219DF42AC0098CCFA /* TVC_List_Array.h */ = {isa = PBXFileReference; fileEncoding = 4; lastKnownFileType = sourcecode.c.h; path = TVC_List_Array.h; sourceTree = "<group>"; };
		4B4223F319DF42AC0098CCFA /* TVC_List_Array.m */ = {isa = PBXFileReference; fileEncoding = 4; lastKnownFileType = sourcecode.c.objc; path = TVC_List_Array.m; sourceTree = "<group>"; };
		4B4223FB19DF512A0098CCFA /* TVC_ListHierarchy.h */ = {isa = PBXFileReference; fileEncoding = 4; lastKnownFileType = sourcecode.c.h; path = TVC_ListHierarchy.h; sourceTree = "<group>"; };
		4B4223FC19DF512A0098CCFA /* TVC_ListHierarchy.m */ = {isa = PBXFileReference; fileEncoding = 4; lastKnownFileType = sourcecode.c.objc; path = TVC_ListHierarchy.m; sourceTree = "<group>"; };
		4B42240519DF64060098CCFA /* Completion+Implementation.h */ = {isa = PBXFileReference; fileEncoding = 4; lastKnownFileType = sourcecode.c.h; path = "Completion+Implementation.h"; sourceTree = "<group>"; };
		4B42240619DF64060098CCFA /* Completion+Implementation.m */ = {isa = PBXFileReference; fileEncoding = 4; lastKnownFileType = sourcecode.c.objc; path = "Completion+Implementation.m"; sourceTree = "<group>"; };
		4B42240E19DF65A20098CCFA /* Completion+Business.h */ = {isa = PBXFileReference; fileEncoding = 4; lastKnownFileType = sourcecode.c.h; path = "Completion+Business.h"; sourceTree = "<group>"; };
		4B42240F19DF65A20098CCFA /* Completion+Business.m */ = {isa = PBXFileReference; fileEncoding = 4; lastKnownFileType = sourcecode.c.objc; path = "Completion+Business.m"; sourceTree = "<group>"; };
		4B42241519DF76FA0098CCFA /* Model.xcdatamodel */ = {isa = PBXFileReference; lastKnownFileType = wrapper.xcdatamodel; path = Model.xcdatamodel; sourceTree = "<group>"; };
		4B42241719DF77190098CCFA /* TimeFrame.h */ = {isa = PBXFileReference; fileEncoding = 4; lastKnownFileType = sourcecode.c.h; name = TimeFrame.h; path = ../TimeFrame.h; sourceTree = "<group>"; };
		4B42241819DF77190098CCFA /* TimeFrame.m */ = {isa = PBXFileReference; fileEncoding = 4; lastKnownFileType = sourcecode.c.objc; name = TimeFrame.m; path = ../TimeFrame.m; sourceTree = "<group>"; };
		4B42241D19DF771A0098CCFA /* Place.h */ = {isa = PBXFileReference; fileEncoding = 4; lastKnownFileType = sourcecode.c.h; name = Place.h; path = ../Place.h; sourceTree = "<group>"; };
		4B42241E19DF771A0098CCFA /* Place.m */ = {isa = PBXFileReference; fileEncoding = 4; lastKnownFileType = sourcecode.c.objc; name = Place.m; path = ../Place.m; sourceTree = "<group>"; };
		4B42242019DF771A0098CCFA /* Completion.h */ = {isa = PBXFileReference; fileEncoding = 4; lastKnownFileType = sourcecode.c.h; name = Completion.h; path = ../Completion.h; sourceTree = "<group>"; };
		4B42242119DF771A0098CCFA /* Completion.m */ = {isa = PBXFileReference; fileEncoding = 4; lastKnownFileType = sourcecode.c.objc; name = Completion.m; path = ../Completion.m; sourceTree = "<group>"; };
		4B42242619E1E1340098CCFA /* Base */ = {isa = PBXFileReference; lastKnownFileType = text.plist.strings; name = Base; path = Base.lproj/File.strings; sourceTree = "<group>"; };
		4B42242819E1E13C0098CCFA /* en */ = {isa = PBXFileReference; lastKnownFileType = text.plist.strings; name = en; path = en.lproj/File.strings; sourceTree = "<group>"; };
		4B42242A19E1E15C0098CCFA /* pt-PT */ = {isa = PBXFileReference; lastKnownFileType = text.plist.strings; name = "pt-PT"; path = "pt-PT.lproj/File.strings"; sourceTree = "<group>"; };
		4B42242F19E1EC7A0098CCFA /* Model-1.0.0.xcdatamodel */ = {isa = PBXFileReference; lastKnownFileType = wrapper.xcdatamodel; path = "Model-1.0.0.xcdatamodel"; sourceTree = "<group>"; };
		4B42243019E1EF780098CCFA /* TVC_ListProjects.h */ = {isa = PBXFileReference; fileEncoding = 4; lastKnownFileType = sourcecode.c.h; path = TVC_ListProjects.h; sourceTree = "<group>"; };
		4B42243119E1EF780098CCFA /* TVC_ListProjects.m */ = {isa = PBXFileReference; fileEncoding = 4; lastKnownFileType = sourcecode.c.objc; path = TVC_ListProjects.m; sourceTree = "<group>"; };
		4B42243319E1F09D0098CCFA /* Project+Business.h */ = {isa = PBXFileReference; fileEncoding = 4; lastKnownFileType = sourcecode.c.h; path = "Project+Business.h"; sourceTree = "<group>"; };
		4B42243419E1F09D0098CCFA /* Project+Business.m */ = {isa = PBXFileReference; fileEncoding = 4; lastKnownFileType = sourcecode.c.objc; path = "Project+Business.m"; sourceTree = "<group>"; };
		4B42243C19E1F0E10098CCFA /* Project+Implementation.h */ = {isa = PBXFileReference; fileEncoding = 4; lastKnownFileType = sourcecode.c.h; path = "Project+Implementation.h"; sourceTree = "<group>"; };
		4B42243D19E1F0E10098CCFA /* Project+Implementation.m */ = {isa = PBXFileReference; fileEncoding = 4; lastKnownFileType = sourcecode.c.objc; path = "Project+Implementation.m"; sourceTree = "<group>"; };
		4B42243F19E1F4BD0098CCFA /* NC_Root.h */ = {isa = PBXFileReference; fileEncoding = 4; lastKnownFileType = sourcecode.c.h; path = NC_Root.h; sourceTree = "<group>"; };
		4B42244019E1F4BD0098CCFA /* NC_Root.m */ = {isa = PBXFileReference; fileEncoding = 4; lastKnownFileType = sourcecode.c.objc; path = NC_Root.m; sourceTree = "<group>"; };
		4B42244219E2000B0098CCFA /* TVC_ViewProject.h */ = {isa = PBXFileReference; fileEncoding = 4; lastKnownFileType = sourcecode.c.h; path = TVC_ViewProject.h; sourceTree = "<group>"; };
		4B42244319E2000B0098CCFA /* TVC_ViewProject.m */ = {isa = PBXFileReference; fileEncoding = 4; lastKnownFileType = sourcecode.c.objc; path = TVC_ViewProject.m; sourceTree = "<group>"; };
		4B42244519E204DB0098CCFA /* Model-1.0.1.xcdatamodel */ = {isa = PBXFileReference; lastKnownFileType = wrapper.xcdatamodel; path = "Model-1.0.1.xcdatamodel"; sourceTree = "<group>"; };
		4B42244619E209F70098CCFA /* Task.h */ = {isa = PBXFileReference; fileEncoding = 4; lastKnownFileType = sourcecode.c.h; path = Task.h; sourceTree = "<group>"; };
		4B42244719E209F70098CCFA /* Task.m */ = {isa = PBXFileReference; fileEncoding = 4; lastKnownFileType = sourcecode.c.objc; path = Task.m; sourceTree = "<group>"; };
		4B42244919E209F80098CCFA /* Project.h */ = {isa = PBXFileReference; fileEncoding = 4; lastKnownFileType = sourcecode.c.h; path = Project.h; sourceTree = "<group>"; };
		4B42244A19E209F80098CCFA /* Project.m */ = {isa = PBXFileReference; fileEncoding = 4; lastKnownFileType = sourcecode.c.objc; path = Project.m; sourceTree = "<group>"; };
		4B42245219E319640098CCFA /* TBC_ManageProject.h */ = {isa = PBXFileReference; fileEncoding = 4; lastKnownFileType = sourcecode.c.h; path = TBC_ManageProject.h; sourceTree = "<group>"; };
		4B42245319E319640098CCFA /* TBC_ManageProject.m */ = {isa = PBXFileReference; fileEncoding = 4; lastKnownFileType = sourcecode.c.objc; path = TBC_ManageProject.m; sourceTree = "<group>"; };
		4B42245519E323670098CCFA /* DocumentMaganer.h */ = {isa = PBXFileReference; fileEncoding = 4; lastKnownFileType = sourcecode.c.h; path = DocumentMaganer.h; sourceTree = "<group>"; };
		4B42245619E323670098CCFA /* DocumentMaganer.m */ = {isa = PBXFileReference; fileEncoding = 4; lastKnownFileType = sourcecode.c.objc; path = DocumentMaganer.m; sourceTree = "<group>"; };
/* End PBXFileReference section */

/* Begin PBXFrameworksBuildPhase section */
		4B0D9AA119DD71CE0047EC4B /* Frameworks */ = {
			isa = PBXFrameworksBuildPhase;
			buildActionMask = 2147483647;
			files = (
				4B4223CA19DDBE270098CCFA /* Foundation.framework in Frameworks */,
				4B0D9B3719DDB2830047EC4B /* UIKit.framework in Frameworks */,
				4B0D9B0419DD82AC0047EC4B /* CoreData.framework in Frameworks */,
				4B0D9B0219DD825C0047EC4B /* MapKit.framework in Frameworks */,
			);
			runOnlyForDeploymentPostprocessing = 0;
		};
		4B0D9ABD19DD71CE0047EC4B /* Frameworks */ = {
			isa = PBXFrameworksBuildPhase;
			buildActionMask = 2147483647;
			files = (
			);
			runOnlyForDeploymentPostprocessing = 0;
		};
/* End PBXFrameworksBuildPhase section */

/* Begin PBXGroup section */
		4B0D9A9B19DD71CE0047EC4B = {
			isa = PBXGroup;
			children = (
				4B0D9AA619DD71CE0047EC4B /* MindMap */,
				4B0D9AC319DD71CE0047EC4B /* MindMapTests */,
				4B0D9B0519DD82C00047EC4B /* Framework */,
				4B0D9AA519DD71CE0047EC4B /* Products */,
			);
			sourceTree = "<group>";
		};
		4B0D9AA519DD71CE0047EC4B /* Products */ = {
			isa = PBXGroup;
			children = (
				4B0D9AA419DD71CE0047EC4B /* MindMap.app */,
				4B0D9AC019DD71CE0047EC4B /* MindMapTests.xctest */,
			);
			name = Products;
			sourceTree = "<group>";
		};
		4B0D9AA619DD71CE0047EC4B /* MindMap */ = {
			isa = PBXGroup;
			children = (
				4B0D9B0019DD823C0047EC4B /* MindMap.entitlements */,
				4B4223E419DE0F120098CCFA /* TaskOverlayActions.xib */,
				4B0D9AAB19DD71CE0047EC4B /* AppDelegate.h */,
				4B0D9AAC19DD71CE0047EC4B /* AppDelegate.m */,
				4B0D9AB419DD71CE0047EC4B /* Main.storyboard */,
				4B0D9AB719DD71CE0047EC4B /* Images.xcassets */,
				4B0D9AFC19DD81480047EC4B /* Extensions */,
				4B0D9AD319DD75410047EC4B /* Model */,
				4B0D9B1819DD97DE0047EC4B /* Business */,
				4B0D9AF819DD7A000047EC4B /* Controller */,
				4B4223D119DDD7580098CCFA /* Segue */,
				4B0D9AA719DD71CE0047EC4B /* Supporting Files */,
			);
			path = MindMap;
			sourceTree = "<group>";
		};
		4B0D9AA719DD71CE0047EC4B /* Supporting Files */ = {
			isa = PBXGroup;
			children = (
				4B0D9AA819DD71CE0047EC4B /* Info.plist */,
				4B0D9AA919DD71CE0047EC4B /* main.m */,
				4B42242719E1E1340098CCFA /* File.strings */,
			);
			name = "Supporting Files";
			sourceTree = "<group>";
		};
		4B0D9AC319DD71CE0047EC4B /* MindMapTests */ = {
			isa = PBXGroup;
			children = (
				4B0D9AC619DD71CE0047EC4B /* MindMapTests.m */,
				4B0D9AC419DD71CE0047EC4B /* Supporting Files */,
			);
			path = MindMapTests;
			sourceTree = "<group>";
		};
		4B0D9AC419DD71CE0047EC4B /* Supporting Files */ = {
			isa = PBXGroup;
			children = (
				4B0D9AC519DD71CE0047EC4B /* Info.plist */,
			);
			name = "Supporting Files";
			sourceTree = "<group>";
		};
		4B0D9AD319DD75410047EC4B /* Model */ = {
			isa = PBXGroup;
			children = (
				4B42241419DF76FA0098CCFA /* Model.xcdatamodeld */,
				4B42244919E209F80098CCFA /* Project.h */,
				4B42244A19E209F80098CCFA /* Project.m */,
				4B42243C19E1F0E10098CCFA /* Project+Implementation.h */,
				4B42243D19E1F0E10098CCFA /* Project+Implementation.m */,
				4B42244619E209F70098CCFA /* Task.h */,
				4B42244719E209F70098CCFA /* Task.m */,
				4B0D9AEF19DD79AE0047EC4B /* Task+Implementation.h */,
				4B0D9AF019DD79AE0047EC4B /* Task+Implementation.m */,
				4B42241719DF77190098CCFA /* TimeFrame.h */,
				4B42241819DF77190098CCFA /* TimeFrame.m */,
				4B0D9AF519DD79E80047EC4B /* TimeFrame+Implementation.h */,
				4B0D9AF619DD79E80047EC4B /* TimeFrame+Implementation.m */,
				4B42241D19DF771A0098CCFA /* Place.h */,
				4B42241E19DF771A0098CCFA /* Place.m */,
				4B0D9AF219DD79D80047EC4B /* Place+Implenentation.h */,
				4B0D9AF319DD79D80047EC4B /* Place+Implenentation.m */,
				4B42242019DF771A0098CCFA /* Completion.h */,
				4B42242119DF771A0098CCFA /* Completion.m */,
				4B42240519DF64060098CCFA /* Completion+Implementation.h */,
				4B42240619DF64060098CCFA /* Completion+Implementation.m */,
				4B0D9B1519DD95150047EC4B /* Database.h */,
				4B0D9B1619DD95150047EC4B /* Database.m */,
				4B42245519E323670098CCFA /* DocumentMaganer.h */,
				4B42245619E323670098CCFA /* DocumentMaganer.m */,
			);
			name = Model;
			sourceTree = "<group>";
		};
		4B0D9AF819DD7A000047EC4B /* Controller */ = {
			isa = PBXGroup;
			children = (
				4B42243F19E1F4BD0098CCFA /* NC_Root.h */,
				4B42244019E1F4BD0098CCFA /* NC_Root.m */,
				4B42245219E319640098CCFA /* TBC_ManageProject.h */,
				4B42245319E319640098CCFA /* TBC_ManageProject.m */,
				4B4223F219DF42AC0098CCFA /* TVC_List_Array.h */,
				4B4223F319DF42AC0098CCFA /* TVC_List_Array.m */,
				4B4223FB19DF512A0098CCFA /* TVC_ListHierarchy.h */,
				4B4223FC19DF512A0098CCFA /* TVC_ListHierarchy.m */,
				4B4223E619DE129A0098CCFA /* TVC_ListDependencies.h */,
				4B4223E719DE129A0098CCFA /* TVC_ListDependencies.m */,
				4B4223EC19DF173A0098CCFA /* TVC_ListDependants.h */,
				4B4223ED19DF173A0098CCFA /* TVC_ListDependants.m */,
				4B0D9B1F19DD9A590047EC4B /* TVC_List_CoreData.h */,
				4B0D9B2019DD9A590047EC4B /* TVC_List_CoreData.m */,
				4B42243019E1EF780098CCFA /* TVC_ListProjects.h */,
				4B42243119E1EF780098CCFA /* TVC_ListProjects.m */,
				4B0D9AFD19DD81A70047EC4B /* TVC_ListTasks.h */,
				4B0D9AFE19DD81A70047EC4B /* TVC_ListTasks.m */,
				4B4223D819DDEC090098CCFA /* TVC_ListTasksPast.h */,
				4B4223D919DDEC090098CCFA /* TVC_ListTasksPast.m */,
				4B4223DB19DDEC170098CCFA /* TVC_ListTasksPresent.h */,
				4B4223DC19DDEC170098CCFA /* TVC_ListTasksPresent.m */,
				4B4223DE19DDEC270098CCFA /* TVC_ListTasksFuture.h */,
				4B4223DF19DDEC270098CCFA /* TVC_ListTasksFuture.m */,
				4B4223CE19DDCB3B0098CCFA /* TVC_View.h */,
				4B4223CF19DDCB3B0098CCFA /* TVC_View.m */,
				4B42244219E2000B0098CCFA /* TVC_ViewProject.h */,
				4B42244319E2000B0098CCFA /* TVC_ViewProject.m */,
				4B4223CB19DDCA870098CCFA /* TVC_ViewTask.h */,
				4B4223CC19DDCA870098CCFA /* TVC_ViewTask.m */,
				4B0D9B2519DDA1090047EC4B /* TVC_Edit.h */,
				4B0D9B2619DDA1090047EC4B /* TVC_Edit.m */,
				4B0D9B2219DDA0D80047EC4B /* TVC_EditTask.h */,
				4B0D9B2319DDA0D80047EC4B /* TVC_EditTask.m */,
			);
			name = Controller;
			sourceTree = "<group>";
		};
		4B0D9AFC19DD81480047EC4B /* Extensions */ = {
			isa = PBXGroup;
			children = (
				4B0D9AF919DD813C0047EC4B /* CoreDataTableViewController.h */,
				4B0D9AFA19DD813C0047EC4B /* CoreDataTableViewController.m */,
				4B4223EF19DF1FFD0098CCFA /* LinkedTextField.h */,
				4B4223F019DF1FFD0098CCFA /* LinkedTextField.m */,
			);
			name = Extensions;
			sourceTree = "<group>";
		};
		4B0D9B0519DD82C00047EC4B /* Framework */ = {
			isa = PBXGroup;
			children = (
				4B4223C919DDBE270098CCFA /* Foundation.framework */,
				4B0D9B3619DDB2830047EC4B /* UIKit.framework */,
				4B0D9B0319DD82AC0047EC4B /* CoreData.framework */,
				4B0D9B0119DD825C0047EC4B /* MapKit.framework */,
			);
			name = Framework;
			sourceTree = "<group>";
		};
		4B0D9B1819DD97DE0047EC4B /* Business */ = {
			isa = PBXGroup;
			children = (
				4B42243319E1F09D0098CCFA /* Project+Business.h */,
				4B42243419E1F09D0098CCFA /* Project+Business.m */,
				4B0D9B2D19DDAE390047EC4B /* Task+Business.h */,
				4B0D9B2E19DDAE390047EC4B /* Task+Business.m */,
				4B0D9B1C19DD98380047EC4B /* TimeFrame+Business.h */,
				4B0D9B1D19DD98380047EC4B /* TimeFrame+Business.m */,
				4B0D9B3319DDAE910047EC4B /* Place+Business.h */,
				4B0D9B3419DDAE910047EC4B /* Place+Business.m */,
				4B42240E19DF65A20098CCFA /* Completion+Business.h */,
				4B42240F19DF65A20098CCFA /* Completion+Business.m */,
			);
			name = Business;
			sourceTree = "<group>";
		};
		4B4223D119DDD7580098CCFA /* Segue */ = {
			isa = PBXGroup;
			children = (
				4B4223D519DDD7FB0098CCFA /* Segue_Push_NoAnimation.h */,
				4B4223D619DDD7FB0098CCFA /* Segue_Push_NoAnimation.m */,
			);
			name = Segue;
			sourceTree = "<group>";
		};
/* End PBXGroup section */

/* Begin PBXNativeTarget section */
		4B0D9AA319DD71CE0047EC4B /* MindMap */ = {
			isa = PBXNativeTarget;
			buildConfigurationList = 4B0D9ACA19DD71CE0047EC4B /* Build configuration list for PBXNativeTarget "MindMap" */;
			buildPhases = (
				4B0D9AA019DD71CE0047EC4B /* Sources */,
				4B0D9AA119DD71CE0047EC4B /* Frameworks */,
				4B0D9AA219DD71CE0047EC4B /* Resources */,
			);
			buildRules = (
			);
			dependencies = (
			);
			name = MindMap;
			productName = MindMap;
			productReference = 4B0D9AA419DD71CE0047EC4B /* MindMap.app */;
			productType = "com.apple.product-type.application";
		};
		4B0D9ABF19DD71CE0047EC4B /* MindMapTests */ = {
			isa = PBXNativeTarget;
			buildConfigurationList = 4B0D9ACD19DD71CE0047EC4B /* Build configuration list for PBXNativeTarget "MindMapTests" */;
			buildPhases = (
				4B0D9ABC19DD71CE0047EC4B /* Sources */,
				4B0D9ABD19DD71CE0047EC4B /* Frameworks */,
				4B0D9ABE19DD71CE0047EC4B /* Resources */,
			);
			buildRules = (
			);
			dependencies = (
				4B0D9AC219DD71CE0047EC4B /* PBXTargetDependency */,
			);
			name = MindMapTests;
			productName = MindMapTests;
			productReference = 4B0D9AC019DD71CE0047EC4B /* MindMapTests.xctest */;
			productType = "com.apple.product-type.bundle.unit-test";
		};
/* End PBXNativeTarget section */

/* Begin PBXProject section */
		4B0D9A9C19DD71CE0047EC4B /* Project object */ = {
			isa = PBXProject;
			attributes = {
				LastUpgradeCheck = 0600;
				ORGANIZATIONNAME = PCB;
				TargetAttributes = {
					4B0D9AA319DD71CE0047EC4B = {
						CreatedOnToolsVersion = 6.0.1;
						DevelopmentTeam = CAC4S8UMZ3;
						SystemCapabilities = {
							com.apple.DataProtection = {
								enabled = 1;
							};
							com.apple.Maps.iOS = {
								enabled = 1;
							};
							com.apple.iCloud = {
								enabled = 1;
							};
						};
					};
					4B0D9ABF19DD71CE0047EC4B = {
						CreatedOnToolsVersion = 6.0.1;
						TestTargetID = 4B0D9AA319DD71CE0047EC4B;
					};
				};
			};
			buildConfigurationList = 4B0D9A9F19DD71CE0047EC4B /* Build configuration list for PBXProject "MindMap" */;
			compatibilityVersion = "Xcode 3.2";
			developmentRegion = English;
			hasScannedForEncodings = 0;
			knownRegions = (
				en,
				Base,
				"pt-PT",
			);
			mainGroup = 4B0D9A9B19DD71CE0047EC4B;
			productRefGroup = 4B0D9AA519DD71CE0047EC4B /* Products */;
			projectDirPath = "";
			projectRoot = "";
			targets = (
				4B0D9AA319DD71CE0047EC4B /* MindMap */,
				4B0D9ABF19DD71CE0047EC4B /* MindMapTests */,
			);
		};
/* End PBXProject section */

/* Begin PBXResourcesBuildPhase section */
		4B0D9AA219DD71CE0047EC4B /* Resources */ = {
			isa = PBXResourcesBuildPhase;
			buildActionMask = 2147483647;
			files = (
				4B42242519E1E1340098CCFA /* File.strings in Resources */,
				4B4223E519DE0F120098CCFA /* TaskOverlayActions.xib in Resources */,
				4B0D9B3819DDBBE90047EC4B /* Main.storyboard in Resources */,
				4B0D9AB819DD71CE0047EC4B /* Images.xcassets in Resources */,
			);
			runOnlyForDeploymentPostprocessing = 0;
		};
		4B0D9ABE19DD71CE0047EC4B /* Resources */ = {
			isa = PBXResourcesBuildPhase;
			buildActionMask = 2147483647;
			files = (
			);
			runOnlyForDeploymentPostprocessing = 0;
		};
/* End PBXResourcesBuildPhase section */

/* Begin PBXSourcesBuildPhase section */
		4B0D9AA019DD71CE0047EC4B /* Sources */ = {
			isa = PBXSourcesBuildPhase;
			buildActionMask = 2147483647;
			files = (
				4B4223DA19DDEC090098CCFA /* TVC_ListTasksPast.m in Sources */,
				4B42243219E1EF780098CCFA /* TVC_ListProjects.m in Sources */,
				4B42243E19E1F0E10098CCFA /* Project+Implementation.m in Sources */,
				4B42240719DF64060098CCFA /* Completion+Implementation.m in Sources */,
				4B42244119E1F4BD0098CCFA /* NC_Root.m in Sources */,
				4B4223E019DDEC270098CCFA /* TVC_ListTasksFuture.m in Sources */,
				4B42245419E319640098CCFA /* TBC_ManageProject.m in Sources */,
				4B0D9B1719DD95150047EC4B /* Database.m in Sources */,
				4B0D9AF419DD79D80047EC4B /* Place+Implenentation.m in Sources */,
				4B4223D019DDCB3B0098CCFA /* TVC_View.m in Sources */,
				4B0D9B2719DDA1090047EC4B /* TVC_Edit.m in Sources */,
				4B42243519E1F09D0098CCFA /* Project+Business.m in Sources */,
				4B42241F19DF771A0098CCFA /* Place.m in Sources */,
				4B0D9AAD19DD71CE0047EC4B /* AppDelegate.m in Sources */,
				4B42245719E323670098CCFA /* DocumentMaganer.m in Sources */,
				4B4223F419DF42AC0098CCFA /* TVC_List_Array.m in Sources */,
				4B4223F119DF1FFD0098CCFA /* LinkedTextField.m in Sources */,
				4B4223E819DE129A0098CCFA /* TVC_ListDependencies.m in Sources */,
				4B0D9AFF19DD81A70047EC4B /* TVC_ListTasks.m in Sources */,
				4B0D9B3519DDAE910047EC4B /* Place+Business.m in Sources */,
				4B4223FD19DF512A0098CCFA /* TVC_ListHierarchy.m in Sources */,
				4B42244419E2000B0098CCFA /* TVC_ViewProject.m in Sources */,
				4B42244819E209F70098CCFA /* Task.m in Sources */,
				4B0D9AF119DD79AE0047EC4B /* Task+Implementation.m in Sources */,
				4B0D9AFB19DD813C0047EC4B /* CoreDataTableViewController.m in Sources */,
				4B0D9AAA19DD71CE0047EC4B /* main.m in Sources */,
				4B42241619DF76FA0098CCFA /* Model.xcdatamodeld in Sources */,
				4B4223DD19DDEC170098CCFA /* TVC_ListTasksPresent.m in Sources */,
				4B0D9B1E19DD98380047EC4B /* TimeFrame+Business.m in Sources */,
				4B0D9AF719DD79E80047EC4B /* TimeFrame+Implementation.m in Sources */,
				4B42241919DF77190098CCFA /* TimeFrame.m in Sources */,
				4B4223EE19DF173A0098CCFA /* TVC_ListDependants.m in Sources */,
				4B0D9B2419DDA0D80047EC4B /* TVC_EditTask.m in Sources */,
				4B42241019DF65A20098CCFA /* Completion+Business.m in Sources */,
				4B42242219DF771A0098CCFA /* Completion.m in Sources */,
				4B0D9B2F19DDAE390047EC4B /* Task+Business.m in Sources */,
				4B4223D719DDD7FB0098CCFA /* Segue_Push_NoAnimation.m in Sources */,
				4B42244B19E209F80098CCFA /* Project.m in Sources */,
				4B0D9B2119DD9A590047EC4B /* TVC_List_CoreData.m in Sources */,
				4B4223CD19DDCA870098CCFA /* TVC_ViewTask.m in Sources */,
			);
			runOnlyForDeploymentPostprocessing = 0;
		};
		4B0D9ABC19DD71CE0047EC4B /* Sources */ = {
			isa = PBXSourcesBuildPhase;
			buildActionMask = 2147483647;
			files = (
				4B0D9AC719DD71CE0047EC4B /* MindMapTests.m in Sources */,
			);
			runOnlyForDeploymentPostprocessing = 0;
		};
/* End PBXSourcesBuildPhase section */

/* Begin PBXTargetDependency section */
		4B0D9AC219DD71CE0047EC4B /* PBXTargetDependency */ = {
			isa = PBXTargetDependency;
			target = 4B0D9AA319DD71CE0047EC4B /* MindMap */;
			targetProxy = 4B0D9AC119DD71CE0047EC4B /* PBXContainerItemProxy */;
		};
/* End PBXTargetDependency section */

/* Begin PBXVariantGroup section */
		4B0D9AB419DD71CE0047EC4B /* Main.storyboard */ = {
			isa = PBXVariantGroup;
			children = (
				4B0D9AB519DD71CE0047EC4B /* Base */,
			);
			name = Main.storyboard;
			sourceTree = "<group>";
		};
		4B42242719E1E1340098CCFA /* File.strings */ = {
			isa = PBXVariantGroup;
			children = (
				4B42242619E1E1340098CCFA /* Base */,
				4B42242819E1E13C0098CCFA /* en */,
				4B42242A19E1E15C0098CCFA /* pt-PT */,
			);
			name = File.strings;
			sourceTree = "<group>";
		};
/* End PBXVariantGroup section */

/* Begin XCBuildConfiguration section */
		4B0D9AC819DD71CE0047EC4B /* Debug */ = {
			isa = XCBuildConfiguration;
			buildSettings = {
				ALWAYS_SEARCH_USER_PATHS = NO;
				CLANG_CXX_LANGUAGE_STANDARD = "gnu++0x";
				CLANG_CXX_LIBRARY = "libc++";
				CLANG_ENABLE_MODULES = YES;
				CLANG_ENABLE_OBJC_ARC = YES;
				CLANG_WARN_ASSIGN_ENUM = YES;
				CLANG_WARN_BOOL_CONVERSION = YES;
				CLANG_WARN_CONSTANT_CONVERSION = YES;
				CLANG_WARN_DIRECT_OBJC_ISA_USAGE = YES_ERROR;
				CLANG_WARN_EMPTY_BODY = YES;
				CLANG_WARN_ENUM_CONVERSION = YES;
				CLANG_WARN_INT_CONVERSION = YES;
				CLANG_WARN_OBJC_ROOT_CLASS = YES_ERROR;
				CLANG_WARN_SUSPICIOUS_IMPLICIT_CONVERSION = YES;
				CLANG_WARN_UNREACHABLE_CODE = YES;
				CLANG_WARN__DUPLICATE_METHOD_MATCH = YES;
				"CODE_SIGN_IDENTITY[sdk=iphoneos*]" = "iPhone Developer";
				COPY_PHASE_STRIP = NO;
				ENABLE_STRICT_OBJC_MSGSEND = YES;
				GCC_C_LANGUAGE_STANDARD = gnu99;
				GCC_DYNAMIC_NO_PIC = NO;
				GCC_OPTIMIZATION_LEVEL = 0;
				GCC_PREPROCESSOR_DEFINITIONS = (
					"DEBUG=1",
					"$(inherited)",
				);
				GCC_SYMBOLS_PRIVATE_EXTERN = NO;
				GCC_WARN_64_TO_32_BIT_CONVERSION = YES;
				GCC_WARN_ABOUT_RETURN_TYPE = YES_ERROR;
				GCC_WARN_SHADOW = YES;
				GCC_WARN_UNDECLARED_SELECTOR = YES;
				GCC_WARN_UNINITIALIZED_AUTOS = YES_AGGRESSIVE;
				GCC_WARN_UNUSED_FUNCTION = YES;
				GCC_WARN_UNUSED_VARIABLE = YES;
				IPHONEOS_DEPLOYMENT_TARGET = 7.0;
				MTL_ENABLE_DEBUG_INFO = YES;
				ONLY_ACTIVE_ARCH = YES;
				SDKROOT = iphoneos;
				TARGETED_DEVICE_FAMILY = 1;
			};
			name = Debug;
		};
		4B0D9AC919DD71CE0047EC4B /* Release */ = {
			isa = XCBuildConfiguration;
			buildSettings = {
				ALWAYS_SEARCH_USER_PATHS = NO;
				CLANG_CXX_LANGUAGE_STANDARD = "gnu++0x";
				CLANG_CXX_LIBRARY = "libc++";
				CLANG_ENABLE_MODULES = YES;
				CLANG_ENABLE_OBJC_ARC = YES;
				CLANG_WARN_ASSIGN_ENUM = YES;
				CLANG_WARN_BOOL_CONVERSION = YES;
				CLANG_WARN_CONSTANT_CONVERSION = YES;
				CLANG_WARN_DIRECT_OBJC_ISA_USAGE = YES_ERROR;
				CLANG_WARN_EMPTY_BODY = YES;
				CLANG_WARN_ENUM_CONVERSION = YES;
				CLANG_WARN_INT_CONVERSION = YES;
				CLANG_WARN_OBJC_ROOT_CLASS = YES_ERROR;
				CLANG_WARN_SUSPICIOUS_IMPLICIT_CONVERSION = YES;
				CLANG_WARN_UNREACHABLE_CODE = YES;
				CLANG_WARN__DUPLICATE_METHOD_MATCH = YES;
				"CODE_SIGN_IDENTITY[sdk=iphoneos*]" = "iPhone Developer";
				COPY_PHASE_STRIP = YES;
				ENABLE_NS_ASSERTIONS = NO;
				ENABLE_STRICT_OBJC_MSGSEND = YES;
				GCC_C_LANGUAGE_STANDARD = gnu99;
				GCC_WARN_64_TO_32_BIT_CONVERSION = YES;
				GCC_WARN_ABOUT_RETURN_TYPE = YES_ERROR;
				GCC_WARN_SHADOW = YES;
				GCC_WARN_UNDECLARED_SELECTOR = YES;
				GCC_WARN_UNINITIALIZED_AUTOS = YES_AGGRESSIVE;
				GCC_WARN_UNUSED_FUNCTION = YES;
				GCC_WARN_UNUSED_VARIABLE = YES;
				IPHONEOS_DEPLOYMENT_TARGET = 7.0;
				MTL_ENABLE_DEBUG_INFO = NO;
				SDKROOT = iphoneos;
				TARGETED_DEVICE_FAMILY = 1;
				VALIDATE_PRODUCT = YES;
			};
			name = Release;
		};
		4B0D9ACB19DD71CE0047EC4B /* Debug */ = {
			isa = XCBuildConfiguration;
			buildSettings = {
				ASSETCATALOG_COMPILER_APPICON_NAME = AppIcon;
				ASSETCATALOG_COMPILER_LAUNCHIMAGE_NAME = LaunchImage;
				CODE_SIGN_ENTITLEMENTS = MindMap/MindMap.entitlements;
				CODE_SIGN_IDENTITY = "iPhone Developer";
				"CODE_SIGN_IDENTITY[sdk=iphoneos*]" = "iPhone Developer";
				INFOPLIST_FILE = MindMap/Info.plist;
				LD_RUNPATH_SEARCH_PATHS = "$(inherited) @executable_path/Frameworks";
				PRODUCT_NAME = "$(TARGET_NAME)";
				PROVISIONING_PROFILE = "";
				TARGETED_DEVICE_FAMILY = 1;
			};
			name = Debug;
		};
		4B0D9ACC19DD71CE0047EC4B /* Release */ = {
			isa = XCBuildConfiguration;
			buildSettings = {
				ASSETCATALOG_COMPILER_APPICON_NAME = AppIcon;
				ASSETCATALOG_COMPILER_LAUNCHIMAGE_NAME = LaunchImage;
				CODE_SIGN_ENTITLEMENTS = MindMap/MindMap.entitlements;
				CODE_SIGN_IDENTITY = "iPhone Developer";
				"CODE_SIGN_IDENTITY[sdk=iphoneos*]" = "iPhone Developer";
				INFOPLIST_FILE = MindMap/Info.plist;
				LD_RUNPATH_SEARCH_PATHS = "$(inherited) @executable_path/Frameworks";
				PRODUCT_NAME = "$(TARGET_NAME)";
				PROVISIONING_PROFILE = "";
				TARGETED_DEVICE_FAMILY = 1;
			};
			name = Release;
		};
		4B0D9ACE19DD71CE0047EC4B /* Debug */ = {
			isa = XCBuildConfiguration;
			buildSettings = {
				BUNDLE_LOADER = "$(TEST_HOST)";
				FRAMEWORK_SEARCH_PATHS = (
					"$(SDKROOT)/Developer/Library/Frameworks",
					"$(inherited)",
				);
				GCC_PREPROCESSOR_DEFINITIONS = (
					"DEBUG=1",
					"$(inherited)",
				);
				INFOPLIST_FILE = MindMapTests/Info.plist;
				LD_RUNPATH_SEARCH_PATHS = "$(inherited) @executable_path/Frameworks @loader_path/Frameworks";
				PRODUCT_NAME = "$(TARGET_NAME)";
				TEST_HOST = "$(BUILT_PRODUCTS_DIR)/MindMap.app/MindMap";
			};
			name = Debug;
		};
		4B0D9ACF19DD71CE0047EC4B /* Release */ = {
			isa = XCBuildConfiguration;
			buildSettings = {
				BUNDLE_LOADER = "$(TEST_HOST)";
				FRAMEWORK_SEARCH_PATHS = (
					"$(SDKROOT)/Developer/Library/Frameworks",
					"$(inherited)",
				);
				INFOPLIST_FILE = MindMapTests/Info.plist;
				LD_RUNPATH_SEARCH_PATHS = "$(inherited) @executable_path/Frameworks @loader_path/Frameworks";
				PRODUCT_NAME = "$(TARGET_NAME)";
				TEST_HOST = "$(BUILT_PRODUCTS_DIR)/MindMap.app/MindMap";
			};
			name = Release;
		};
/* End XCBuildConfiguration section */

/* Begin XCConfigurationList section */
		4B0D9A9F19DD71CE0047EC4B /* Build configuration list for PBXProject "MindMap" */ = {
			isa = XCConfigurationList;
			buildConfigurations = (
				4B0D9AC819DD71CE0047EC4B /* Debug */,
				4B0D9AC919DD71CE0047EC4B /* Release */,
			);
			defaultConfigurationIsVisible = 0;
			defaultConfigurationName = Release;
		};
		4B0D9ACA19DD71CE0047EC4B /* Build configuration list for PBXNativeTarget "MindMap" */ = {
			isa = XCConfigurationList;
			buildConfigurations = (
				4B0D9ACB19DD71CE0047EC4B /* Debug */,
				4B0D9ACC19DD71CE0047EC4B /* Release */,
			);
			defaultConfigurationIsVisible = 0;
			defaultConfigurationName = Release;
		};
		4B0D9ACD19DD71CE0047EC4B /* Build configuration list for PBXNativeTarget "MindMapTests" */ = {
			isa = XCConfigurationList;
			buildConfigurations = (
				4B0D9ACE19DD71CE0047EC4B /* Debug */,
				4B0D9ACF19DD71CE0047EC4B /* Release */,
			);
			defaultConfigurationIsVisible = 0;
			defaultConfigurationName = Release;
		};
/* End XCConfigurationList section */

/* Begin XCVersionGroup section */
		4B42241419DF76FA0098CCFA /* Model.xcdatamodeld */ = {
			isa = XCVersionGroup;
			children = (
				4B42242F19E1EC7A0098CCFA /* Model-1.0.0.xcdatamodel */,
				4B42241519DF76FA0098CCFA /* Model.xcdatamodel */,
				4B42244519E204DB0098CCFA /* Model-1.0.1.xcdatamodel */,
			);
			currentVersion = 4B42244519E204DB0098CCFA /* Model-1.0.1.xcdatamodel */;
			path = Model.xcdatamodeld;
			sourceTree = "<group>";
			versionGroupType = wrapper.xcdatamodel;
		};
/* End XCVersionGroup section */
	};
	rootObject = 4B0D9A9C19DD71CE0047EC4B /* Project object */;
}
